
Microsoft Visual Studio Solution File, Format Version 12.00
# Visual Studio 15
VisualStudioVersion = 15.0.28307.329
MinimumVisualStudioVersion = 10.0.40219.1
Project("{FAE04EC0-301F-11D3-BF4B-00C04F79EFBC}") = "SWT-20-ATM", "SWT-20-ATM\SWT-20-ATM.csproj", "{12602BCA-0493-4218-BCBF-9FA74DDBEB80}"
EndProject
Global
	GlobalSection(SolutionConfigurationPlatforms) = preSolution
		Debug|Any CPU = Debug|Any CPU
		Release|Any CPU = Release|Any CPU
	EndGlobalSection
	GlobalSection(ProjectConfigurationPlatforms) = postSolution
		{12602BCA-0493-4218-BCBF-9FA74DDBEB80}.Debug|Any CPU.ActiveCfg = Debug|Any CPU
		{12602BCA-0493-4218-BCBF-9FA74DDBEB80}.Debug|Any CPU.Build.0 = Debug|Any CPU
		{12602BCA-0493-4218-BCBF-9FA74DDBEB80}.Release|Any CPU.ActiveCfg = Release|Any CPU
		{12602BCA-0493-4218-BCBF-9FA74DDBEB80}.Release|Any CPU.Build.0 = Release|Any CPU
	EndGlobalSection
	GlobalSection(SolutionProperties) = preSolution
		HideSolutionNode = FALSE
	EndGlobalSection
	GlobalSection(ExtensibilityGlobals) = postSolution
		SolutionGuid = {AE78E876-36A0-4E0B-83A9-6D40375714EF}
	EndGlobalSection
EndGlobal
